github.com/Matt-Gleich/logoru v0.0.0-20200817001912-097ac1695c5f h1:fZLV/64Tql1F8fVghxKeO9Crm6JJNpm2VTesBIc7zPk=
github.com/Matt-Gleich/logoru v0.0.0-20200817001912-097ac1695c5f/go.mod h1:db3PO+L1XEhATt4QRc7jR7FGXACKPU+Nhzmby9wc7ow=
github.com/Matt-Gleich/logoru v0.0.0-20200904210752-deb4c45dfe26 h1:mEJXSrDUsbf/YkowA+F4jB3kbxIHnpAJt80LaGS1XuY=
github.com/Matt-Gleich/logoru v0.0.0-20200904210752-deb4c45dfe26/go.mod h1:db3PO+L1XEhATt4QRc7jR7FGXACKPU+Nhzmby9wc7ow=
github.com/Matt-Gleich/logoru v0.0.0-20200913033258-86a9b40ebc9e h1:lVfmmS4MdILS4xSLYbvJK6xvsrjNC6BrkDRhzCDezKo=
github.com/Matt-Gleich/logoru v0.0.0-20200913033258-86a9b40ebc9e/go.mod h1:db3PO+L1XEhATt4QRc7jR7FGXACKPU+Nhzmby9wc7ow=
github.com/brianloveswords/airtable v0.0.0-20200303135952-d5e6b4516c7b h1:93YLHhodU7P+5QdswIWDPz7xIYglzZU8LIbX7/SFkrg=
github.com/brianloveswords/airtable v0.0.0-20200303135952-d5e6b4516c7b/go.mod h1:nwbEOwACogJJxLEo0a4lnyieg8EKfq3uIzuZeEHMPI0=
github.com/davecgh/go-spew v1.1.0/go.mod h1:J7Y8YcW2NihsgmVo/mv3lAwl/skON4iLHjSsI+c5H38=
github.com/davecgh/go-spew v1.1.1/go.mod h1:J7Y8YcW2NihsgmVo/mv3lAwl/skON4iLHjSsI+c5H38=
github.com/fatih/color v1.9.0 h1:8xPHl4/q1VyqGIPif1F+1V3Y3lSmrq01EabUW3CoW5s=
github.com/fatih/color v1.9.0/go.mod h1:eQcE1qtQxscV5RaZvpXrrb8Drkc3/DdQ+uUYCNjL+zU=
github.com/go-kivik/couchdb v1.8.1 h1:2yjmysS48JYpyWTkx2E3c7ASZP8Kh0eABWnkKlV8bbw=
github.com/go-kivik/couchdb v2.0.0+incompatible h1:DsXVuGJTng04Guz8tg7jGVQ53RlByEhk+gPB/1yo3Oo=
github.com/go-kivik/couchdb v2.0.0+incompatible/go.mod h1:5XJRkAMpBlEVA4q0ktIZjUPYBjoBmRoiWvwUBzP3BOQ=
github.com/go-kivik/kivik v1.8.1 h1:GScP1mS5wP2km2awszvKzPEjC21lYjQGr3GY+4a/o2U=
github.com/go-kivik/kivik v2.0.0+incompatible h1:/7hgr29DKv/vlaJsUoyRlOFq0K+3ikz0wTbu+cIs7QY=
github.com/go-kivik/kivik v2.0.0+incompatible/go.mod h1:nIuJ8z4ikBrVUSk3Ua8NoDqYKULPNjuddjqRvlSUyyQ=
github.com/go-test/deep v1.0.4/go.mod h1:wGDj63lr65AM2AQyKZd/NYHGb0R+1RLqB8NKt3aSFNA=
github.com/google/uuid v1.1.2 h1:EVhdT+1Kseyi1/pUmXKaFxYsDNy9RQYkMWRH68J/W7Y=
github.com/google/uuid v1.1.2/go.mod h1:TIyPZe4MgqvfeYDBFedMoGGpEw/LqOeaOT+nhxU+yHo=
github.com/gorilla/mux v1.8.0 h1:i40aqfkR1h2SlN9hojwV5ZA91wcXFOvkdNIeFDP5koI=
github.com/gorilla/mux v1.8.0/go.mod h1:DVbg23sWSpFRCP0SfiEN6jmj59UnW/n46BH5rLB71So=
github.com/gorilla/websocket v1.4.2 h1:+/TMaTYc4QFitKJxsQ7Yye35DkWvkdLcvGKqM+x0Ufc=
github.com/gorilla/websocket v1.4.2/go.mod h1:YR8l580nyteQvAITg2hZ9XVh4b55+EU/adAjf1fMHhE=
github.com/mattn/go-colorable v0.1.4/go.mod h1:U0ppj6V5qS13XJ6of8GYAs25YV2eR4EVcfRqFIhoBtE=
github.com/mattn/go-colorable v0.1.7 h1:bQGKb3vps/j0E9GfJQ03JyhRuxsvdAanXlT9BTw3mdw=
github.com/mattn/go-colorable v0.1.7/go.mod h1:u6P/XSegPjTcexA+o6vUJrdnUu04hMope9wVRipJSqc=
github.com/mattn/go-isatty v0.0.8/go.mod h1:Iq45c/XA43vh69/j3iqttzPXn0bhXyGjM0Hdxcsrc5s=
github.com/mattn/go-isatty v0.0.11/go.mod h1:PhnuNfih5lzO57/f3n+odYbM4JtupLOxQOAqxQCu2WE=
github.com/mattn/go-isatty v0.0.12 h1:wuysRhFDzyxgEmMf5xjvJ2M9dZoWAXNNr5LSBS7uHXY=
github.com/mattn/go-isatty v0.0.12/go.mod h1:cbi8OIDigv2wuxKPP5vlRcQ1OAZbq2CE4Kysco4FUpU=
github.com/pkg/errors v0.8.0 h1:WdK/asTD0HN+q6hsWO3/vpuAkAr+tw6aNJNDFFf0+qw=
github.com/pkg/errors v0.8.0/go.mod h1:bwawxfHBFNV+L2hUp1rHADufV3IMtnDRdf1r5NINEl0=
github.com/pmezard/go-difflib v1.0.0/go.mod h1:iKH77koFhYxTK1pcRnkKkqfTogsbg7gZNVY4sRDYZ/4=
github.com/slack-go/slack v0.6.6 h1:ln0fO794CudStSJEfhZ08Ok5JanMjvW6/k2xBuHqedU=
github.com/slack-go/slack v0.6.6/go.mod h1:FGqNzJBmxIsZURAxh2a8D21AnOVvvXZvGligs4npPUM=
github.com/stretchr/objx v0.1.0/go.mod h1:HFkY916IF+rwdDfMAkV7OtwuqBVzrE8GR6GFx+wExME=
github.com/stretchr/testify v1.2.2/go.mod h1:a8OnRcib4nhh0OaRAV+Yts87kKdq0PP7pXfy6kDkUVs=
github.com/stretchr/testify v1.4.0/go.mod h1:j7eGeouHqKxXV5pUuKE4zz7dFj8WfuZ+81PSLYec5m4=
github.com/stretchr/testify v1.6.1/go.mod h1:6Fq8oRcR53rry900zMqJjRRixrwX3KX962/h/Wwjteg=
go.uber.org/atomic v1.4.0/go.mod h1:gD2HeocX3+yG+ygLZcrzQJaqmWj9AIm7n08wl/qW/PE=
go.uber.org/ratelimit v0.1.0 h1:U2AruXqeTb4Eh9sYQSTrMhH8Cb7M0Ian2ibBOnBcnAw=
go.uber.org/ratelimit v0.1.0/go.mod h1:2X8KaoNd1J0lZV+PxJk/5+DGbO/tpwLR1m++a7FnB/Y=
golang.org/x/crypto v0.0.0-20190308221718-c2843e01d9a2/go.mod h1:djNgcEr1/C05ACkg1iLfiJU5Ep61QUkGW8qpdssI0+w=
golang.org/x/crypto v0.0.0-20200622213623-75b288015ac9/go.mod h1:LzIPMQfyMNhhGPhUkYOs5KpL4U8rLKemX1yGLhDgUto=
golang.org/x/net v0.0.0-20190404232315-eb5bcb51f2a3/go.mod h1:t9HGtf8HONx5eT2rtn7q6eTqICYqUVnKs3thJo3Qplg=
golang.org/x/net v0.0.0-20200822124328-c89045814202 h1:VvcQYSHwXgi7W+TpUR6A9g6Up98WAHf3f/ulnJ62IyA=
golang.org/x/net v0.0.0-20200822124328-c89045814202/go.mod h1:/O7V0waA8r7cgGh81Ro3o1hOxt32SMVPicZroKQ2sZA=
golang.org/x/net v0.0.0-20200904194848-62affa334b73 h1:MXfv8rhZWmFeqX3GNZRsd6vOLoaCHjYEX3qkRo3YBUA=
golang.org/x/net v0.0.0-20200904194848-62affa334b73/go.mod h1:/O7V0waA8r7cgGh81Ro3o1hOxt32SMVPicZroKQ2sZA=
golang.org/x/sys v0.0.0-20190215142949-d0b11bdaac8a/go.mod h1:STP8DvDyc/dI5b8T5hshtkjS+E42TnysNCUPdjciGhY=
golang.org/x/sys v0.0.0-20190222072716-a9d3bda3a223/go.mod h1:STP8DvDyc/dI5b8T5hshtkjS+E42TnysNCUPdjciGhY=
golang.org/x/sys v0.0.0-20190412213103-97732733099d/go.mod h1:h1NjWce9XRLGQEsW7wpKNCjG9DtNlClVuFLEZdDNbEs=
golang.org/x/sys v0.0.0-20191026070338-33540a1f6037/go.mod h1:h1NjWce9XRLGQEsW7wpKNCjG9DtNlClVuFLEZdDNbEs=
golang.org/x/sys v0.0.0-20200116001909-b77594299b42/go.mod h1:h1NjWce9XRLGQEsW7wpKNCjG9DtNlClVuFLEZdDNbEs=
golang.org/x/sys v0.0.0-20200223170610-d5e6a3e2c0ae/go.mod h1:h1NjWce9XRLGQEsW7wpKNCjG9DtNlClVuFLEZdDNbEs=
golang.org/x/sys v0.0.0-20200323222414-85ca7c5b95cd/go.mod h1:h1NjWce9XRLGQEsW7wpKNCjG9DtNlClVuFLEZdDNbEs=
golang.org/x/sys v0.0.0-20200810151505-1b9f1253b3ed h1:WBkVNH1zd9jg/dK4HCM4lNANnmd12EHC9z+LmcCG4ns=
golang.org/x/sys v0.0.0-20200810151505-1b9f1253b3ed/go.mod h1:h1NjWce9XRLGQEsW7wpKNCjG9DtNlClVuFLEZdDNbEs=
golang.org/x/sys v0.0.0-20200828194041-157a740278f4 h1:kCCpuwSAoYJPkNc6x0xT9yTtV4oKtARo4RGBQWOfg9E=
golang.org/x/sys v0.0.0-20200828194041-157a740278f4/go.mod h1:h1NjWce9XRLGQEsW7wpKNCjG9DtNlClVuFLEZdDNbEs=
golang.org/x/sys v0.0.0-20200909081042-eff7692f9009 h1:W0lCpv29Hv0UaM1LXb9QlBHLNP8UFfcKjblhVCWftOM=
golang.org/x/sys v0.0.0-20200909081042-eff7692f9009/go.mod h1:h1NjWce9XRLGQEsW7wpKNCjG9DtNlClVuFLEZdDNbEs=
golang.org/x/text v0.3.0/go.mod h1:NqM8EUOU14njkJ3fqMW+pc6Ldnwhi/IjpwHt7yyuwOQ=
golang.org/x/xerrors v0.0.0-20200804184101-5ec99f83aff1 h1:go1bK/D/BFZV2I8cIQd1NKEZ+0owSTG1fDTci4IqFcE=
golang.org/x/xerrors v0.0.0-20200804184101-5ec99f83aff1/go.mod h1:I/5z698sn9Ka8TeJc9MKroUUfqBBauWjQqLJ2OPfmY0=
gopkg.in/check.v1 v0.0.0-20161208181325-20d25e280405/go.mod h1:Co6ibVJAznAaIkqp8huTwlJQCZ016jof/cbN4VW5Yz0=
gopkg.in/yaml.v2 v2.2.2/go.mod h1:hI93XBmqTisBFMUTm0b8Fm+jr3Dg1NNxqwp+5A1VGuI=
gopkg.in/yaml.v3 v3.0.0-20200313102051-9f266ea9e77c/go.mod h1:K4uyk7z7BCEPqu6E+C64Yfv1cQ7kz7rIZviUmN+EgEM=
gopkg.in/yaml.v3 v3.0.0-20200615113413-eeeca48fe776/go.mod h1:K4uyk7z7BCEPqu6E+C64Yfv1cQ7kz7rIZviUmN+EgEM=
